
Microsoft Visual Studio Solution File, Format Version 12.00
# Visual Studio Version 17
VisualStudioVersion = 17.0.31903.59
MinimumVisualStudioVersion = 10.0.40219.1
Project("{2150E333-8FDC-42A3-9474-1A3956D46DE8}") = "src", "src", "{827E0CD3-B72D-47B6-A68D-7590B98EB39B}"
EndProject
Project("{FAE04EC0-301F-11D3-BF4B-00C04F79EFBC}") = "SmartAlpha.Core", "src\SmartAlpha.Core\SmartAlpha.Core.csproj", "{3010537F-585A-4EBE-8999-95EFAFAD92DB}"
EndProject
Project("{FAE04EC0-301F-11D3-BF4B-00C04F79EFBC}") = "SmartAlpha.Data", "src\SmartAlpha.Data\SmartAlpha.Data.csproj", "{7651CF88-4970-41FA-9D7E-0263FBF9A237}"
EndProject
Project("{FAE04EC0-301F-11D3-BF4B-00C04F79EFBC}") = "SmartAlpha.Analytics", "src\SmartAlpha.Analytics\SmartAlpha.Analytics.csproj", "{39895DA2-A49F-40DF-9CD0-CA6210B9E1EC}"
EndProject
Project("{FAE04EC0-301F-11D3-BF4B-00C04F79EFBC}") = "SmartAlpha.Reporting", "src\SmartAlpha.Reporting\SmartAlpha.Reporting.csproj", "{9A173CD8-53C4-4E95-9C19-3246778936C6}"
EndProject
Project("{FAE04EC0-301F-11D3-BF4B-00C04F79EFBC}") = "SmartAlpha.API", "src\SmartAlpha.API\SmartAlpha.API.csproj", "{A0A58042-FB14-4411-A4DF-B9F484D00593}"
EndProject
Project("{2150E333-8FDC-42A3-9474-1A3956D46DE8}") = "tests", "tests", "{0AB3BF05-4346-4AA6-1389-037BE0695223}"
EndProject
Project("{FAE04EC0-301F-11D3-BF4B-00C04F79EFBC}") = "SmartAlpha.Tests", "tests\SmartAlpha.Tests\SmartAlpha.Tests.csproj", "{D0F317EE-4D01-4E89-9198-480CAB527004}"
EndProject
Global
	GlobalSection(SolutionConfigurationPlatforms) = preSolution
		Debug|Any CPU = Debug|Any CPU
		Debug|x64 = Debug|x64
		Debug|x86 = Debug|x86
		Release|Any CPU = Release|Any CPU
		Release|x64 = Release|x64
		Release|x86 = Release|x86
	EndGlobalSection
	GlobalSection(ProjectConfigurationPlatforms) = postSolution
		{3010537F-585A-4EBE-8999-95EFAFAD92DB}.Debug|Any CPU.ActiveCfg = Debug|Any CPU
		{3010537F-585A-4EBE-8999-95EFAFAD92DB}.Debug|Any CPU.Build.0 = Debug|Any CPU
		{3010537F-585A-4EBE-8999-95EFAFAD92DB}.Debug|x64.ActiveCfg = Debug|Any CPU
		{3010537F-585A-4EBE-8999-95EFAFAD92DB}.Debug|x64.Build.0 = Debug|Any CPU
		{3010537F-585A-4EBE-8999-95EFAFAD92DB}.Debug|x86.ActiveCfg = Debug|Any CPU
		{3010537F-585A-4EBE-8999-95EFAFAD92DB}.Debug|x86.Build.0 = Debug|Any CPU
		{3010537F-585A-4EBE-8999-95EFAFAD92DB}.Release|Any CPU.ActiveCfg = Release|Any CPU
		{3010537F-585A-4EBE-8999-95EFAFAD92DB}.Release|Any CPU.Build.0 = Release|Any CPU
		{3010537F-585A-4EBE-8999-95EFAFAD92DB}.Release|x64.ActiveCfg = Release|Any CPU
		{3010537F-585A-4EBE-8999-95EFAFAD92DB}.Release|x64.Build.0 = Release|Any CPU
		{3010537F-585A-4EBE-8999-95EFAFAD92DB}.Release|x86.ActiveCfg = Release|Any CPU
		{3010537F-585A-4EBE-8999-95EFAFAD92DB}.Release|x86.Build.0 = Release|Any CPU
		{7651CF88-4970-41FA-9D7E-0263FBF9A237}.Debug|Any CPU.ActiveCfg = Debug|Any CPU
		{7651CF88-4970-41FA-9D7E-0263FBF9A237}.Debug|Any CPU.Build.0 = Debug|Any CPU
		{7651CF88-4970-41FA-9D7E-0263FBF9A237}.Debug|x64.ActiveCfg = Debug|Any CPU
		{7651CF88-4970-41FA-9D7E-0263FBF9A237}.Debug|x64.Build.0 = Debug|Any CPU
		{7651CF88-4970-41FA-9D7E-0263FBF9A237}.Debug|x86.ActiveCfg = Debug|Any CPU
		{7651CF88-4970-41FA-9D7E-0263FBF9A237}.Debug|x86.Build.0 = Debug|Any CPU
		{7651CF88-4970-41FA-9D7E-0263FBF9A237}.Release|Any CPU.ActiveCfg = Release|Any CPU
		{7651CF88-4970-41FA-9D7E-0263FBF9A237}.Release|Any CPU.Build.0 = Release|Any CPU
		{7651CF88-4970-41FA-9D7E-0263FBF9A237}.Release|x64.ActiveCfg = Release|Any CPU
		{7651CF88-4970-41FA-9D7E-0263FBF9A237}.Release|x64.Build.0 = Release|Any CPU
		{7651CF88-4970-41FA-9D7E-0263FBF9A237}.Release|x86.ActiveCfg = Release|Any CPU
		{7651CF88-4970-41FA-9D7E-0263FBF9A237}.Release|x86.Build.0 = Release|Any CPU
		{39895DA2-A49F-40DF-9CD0-CA6210B9E1EC}.Debug|Any CPU.ActiveCfg = Debug|Any CPU
		{39895DA2-A49F-40DF-9CD0-CA6210B9E1EC}.Debug|Any CPU.Build.0 = Debug|Any CPU
		{39895DA2-A49F-40DF-9CD0-CA6210B9E1EC}.Debug|x64.ActiveCfg = Debug|Any CPU
		{39895DA2-A49F-40DF-9CD0-CA6210B9E1EC}.Debug|x64.Build.0 = Debug|Any CPU
		{39895DA2-A49F-40DF-9CD0-CA6210B9E1EC}.Debug|x86.ActiveCfg = Debug|Any CPU
		{39895DA2-A49F-40DF-9CD0-CA6210B9E1EC}.Debug|x86.Build.0 = Debug|Any CPU
		{39895DA2-A49F-40DF-9CD0-CA6210B9E1EC}.Release|Any CPU.ActiveCfg = Release|Any CPU
		{39895DA2-A49F-40DF-9CD0-CA6210B9E1EC}.Release|Any CPU.Build.0 = Release|Any CPU
		{39895DA2-A49F-40DF-9CD0-CA6210B9E1EC}.Release|x64.ActiveCfg = Release|Any CPU
		{39895DA2-A49F-40DF-9CD0-CA6210B9E1EC}.Release|x64.Build.0 = Release|Any CPU
		{39895DA2-A49F-40DF-9CD0-CA6210B9E1EC}.Release|x86.ActiveCfg = Release|Any CPU
		{39895DA2-A49F-40DF-9CD0-CA6210B9E1EC}.Release|x86.Build.0 = Release|Any CPU
		{9A173CD8-53C4-4E95-9C19-3246778936C6}.Debug|Any CPU.ActiveCfg = Debug|Any CPU
		{9A173CD8-53C4-4E95-9C19-3246778936C6}.Debug|Any CPU.Build.0 = Debug|Any CPU
		{9A173CD8-53C4-4E95-9C19-3246778936C6}.Debug|x64.ActiveCfg = Debug|Any CPU
		{9A173CD8-53C4-4E95-9C19-3246778936C6}.Debug|x64.Build.0 = Debug|Any CPU
		{9A173CD8-53C4-4E95-9C19-3246778936C6}.Debug|x86.ActiveCfg = Debug|Any CPU
		{9A173CD8-53C4-4E95-9C19-3246778936C6}.Debug|x86.Build.0 = Debug|Any CPU
		{9A173CD8-53C4-4E95-9C19-3246778936C6}.Release|Any CPU.ActiveCfg = Release|Any CPU
		{9A173CD8-53C4-4E95-9C19-3246778936C6}.Release|Any CPU.Build.0 = Release|Any CPU
		{9A173CD8-53C4-4E95-9C19-3246778936C6}.Release|x64.ActiveCfg = Release|Any CPU
		{9A173CD8-53C4-4E95-9C19-3246778936C6}.Release|x64.Build.0 = Release|Any CPU
		{9A173CD8-53C4-4E95-9C19-3246778936C6}.Release|x86.ActiveCfg = Release|Any CPU
		{9A173CD8-53C4-4E95-9C19-3246778936C6}.Release|x86.Build.0 = Release|Any CPU
		{A0A58042-FB14-4411-A4DF-B9F484D00593}.Debug|Any CPU.ActiveCfg = Debug|Any CPU
		{A0A58042-FB14-4411-A4DF-B9F484D00593}.Debug|Any CPU.Build.0 = Debug|Any CPU
		{A0A58042-FB14-4411-A4DF-B9F484D00593}.Debug|x64.ActiveCfg = Debug|Any CPU
		{A0A58042-FB14-4411-A4DF-B9F484D00593}.Debug|x64.Build.0 = Debug|Any CPU
		{A0A58042-FB14-4411-A4DF-B9F484D00593}.Debug|x86.ActiveCfg = Debug|Any CPU
		{A0A58042-FB14-4411-A4DF-B9F484D00593}.Debug|x86.Build.0 = Debug|Any CPU
		{A0A58042-FB14-4411-A4DF-B9F484D00593}.Release|Any CPU.ActiveCfg = Release|Any CPU
		{A0A58042-FB14-4411-A4DF-B9F484D00593}.Release|Any CPU.Build.0 = Release|Any CPU
		{A0A58042-FB14-4411-A4DF-B9F484D00593}.Release|x64.ActiveCfg = Release|Any CPU
		{A0A58042-FB14-4411-A4DF-B9F484D00593}.Release|x64.Build.0 = Release|Any CPU
		{A0A58042-FB14-4411-A4DF-B9F484D00593}.Release|x86.ActiveCfg = Release|Any CPU
		{A0A58042-FB14-4411-A4DF-B9F484D00593}.Release|x86.Build.0 = Release|Any CPU
		{D0F317EE-4D01-4E89-9198-480CAB527004}.Debug|Any CPU.ActiveCfg = Debug|Any CPU
		{D0F317EE-4D01-4E89-9198-480CAB527004}.Debug|Any CPU.Build.0 = Debug|Any CPU
		{D0F317EE-4D01-4E89-9198-480CAB527004}.Debug|x64.ActiveCfg = Debug|Any CPU
		{D0F317EE-4D01-4E89-9198-480CAB527004}.Debug|x64.Build.0 = Debug|Any CPU
		{D0F317EE-4D01-4E89-9198-480CAB527004}.Debug|x86.ActiveCfg = Debug|Any CPU
		{D0F317EE-4D01-4E89-9198-480CAB527004}.Debug|x86.Build.0 = Debug|Any CPU
		{D0F317EE-4D01-4E89-9198-480CAB527004}.Release|Any CPU.ActiveCfg = Release|Any CPU
		{D0F317EE-4D01-4E89-9198-480CAB527004}.Release|Any CPU.Build.0 = Release|Any CPU
		{D0F317EE-4D01-4E89-9198-480CAB527004}.Release|x64.ActiveCfg = Release|Any CPU
		{D0F317EE-4D01-4E89-9198-480CAB527004}.Release|x64.Build.0 = Release|Any CPU
		{D0F317EE-4D01-4E89-9198-480CAB527004}.Release|x86.ActiveCfg = Release|Any CPU
		{D0F317EE-4D01-4E89-9198-480CAB527004}.Release|x86.Build.0 = Release|Any CPU
	EndGlobalSection
	GlobalSection(SolutionProperties) = preSolution
		HideSolutionNode = FALSE
	EndGlobalSection
	GlobalSection(NestedProjects) = preSolution
		{3010537F-585A-4EBE-8999-95EFAFAD92DB} = {827E0CD3-B72D-47B6-A68D-7590B98EB39B}
		{7651CF88-4970-41FA-9D7E-0263FBF9A237} = {827E0CD3-B72D-47B6-A68D-7590B98EB39B}
		{39895DA2-A49F-40DF-9CD0-CA6210B9E1EC} = {827E0CD3-B72D-47B6-A68D-7590B98EB39B}
		{9A173CD8-53C4-4E95-9C19-3246778936C6} = {827E0CD3-B72D-47B6-A68D-7590B98EB39B}
		{A0A58042-FB14-4411-A4DF-B9F484D00593} = {827E0CD3-B72D-47B6-A68D-7590B98EB39B}
		{D0F317EE-4D01-4E89-9198-480CAB527004} = {0AB3BF05-4346-4AA6-1389-037BE0695223}
	EndGlobalSection
EndGlobal
